// !$*UTF8*$!
{
	archiveVersion = 1;
	classes = {
	};
	objectVersion = 77;
	objects = {

/* Begin PBXContainerItemProxy section */
		771DA2F62E81776500A1F54C /* PBXContainerItemProxy */ = {
			isa = PBXContainerItemProxy;
			containerPortal = 771DA2D72E81776400A1F54C /* Project object */;
			proxyType = 1;
			remoteGlobalIDString = 771DA2DE2E81776400A1F54C;
			remoteInfo = DailyAyah;
		};
		771DA3002E81776500A1F54C /* PBXContainerItemProxy */ = {
			isa = PBXContainerItemProxy;
			containerPortal = 771DA2D72E81776400A1F54C /* Project object */;
			proxyType = 1;
			remoteGlobalIDString = 771DA2DE2E81776400A1F54C;
			remoteInfo = DailyAyah;
		};
/* End PBXContainerItemProxy section */

/* Begin PBXFileReference section */
		771DA2DF2E81776400A1F54C /* DailyAyah.app */ = {isa = PBXFileReference; explicitFileType = wrapper.application; includeInIndex = 0; path = DailyAyah.app; sourceTree = BUILT_PRODUCTS_DIR; };
		771DA2F52E81776500A1F54C /* DailyAyahTests.xctest */ = {isa = PBXFileReference; explicitFileType = wrapper.cfbundle; includeInIndex = 0; path = DailyAyahTests.xctest; sourceTree = BUILT_PRODUCTS_DIR; };
		771DA2FF2E81776500A1F54C /* DailyAyahUITests.xctest */ = {isa = PBXFileReference; explicitFileType = wrapper.cfbundle; includeInIndex = 0; path = DailyAyahUITests.xctest; sourceTree = BUILT_PRODUCTS_DIR; };
/* End PBXFileReference section */

/* Begin PBXFileSystemSynchronizedBuildFileExceptionSet section */
		771DA3072E81776500A1F54C /* Exceptions for "DailyAyah" folder in "DailyAyah" target */ = {
			isa = PBXFileSystemSynchronizedBuildFileExceptionSet;
			membershipExceptions = (
				Info.plist,
			);
			target = 771DA2DE2E81776400A1F54C /* DailyAyah */;
		};
/* End PBXFileSystemSynchronizedBuildFileExceptionSet section */

/* Begin PBXFileSystemSynchronizedRootGroup section */
		771DA2E12E81776400A1F54C /* DailyAyah */ = {
			isa = PBXFileSystemSynchronizedRootGroup;
			exceptions = (
				771DA3072E81776500A1F54C /* Exceptions for "DailyAyah" folder in "DailyAyah" target */,
			);
			path = DailyAyah;
			sourceTree = "<group>";
		};
		771DA2F82E81776500A1F54C /* DailyAyahTests */ = {
			isa = PBXFileSystemSynchronizedRootGroup;
			path = DailyAyahTests;
			sourceTree = "<group>";
		};
		771DA3022E81776500A1F54C /* DailyAyahUITests */ = {
			isa = PBXFileSystemSynchronizedRootGroup;
			path = DailyAyahUITests;
			sourceTree = "<group>";
		};
/* End PBXFileSystemSynchronizedRootGroup section */

/* Begin PBXFrameworksBuildPhase section */
		771DA2DC2E81776400A1F54C /* Frameworks */ = {
			isa = PBXFrameworksBuildPhase;
			buildActionMask = 2147483647;
			files = (
			);
			runOnlyForDeploymentPostprocessing = 0;
		};
		771DA2F22E81776500A1F54C /* Frameworks */ = {
			isa = PBXFrameworksBuildPhase;
			buildActionMask = 2147483647;
			files = (
			);
			runOnlyForDeploymentPostprocessing = 0;
		};
		771DA2FC2E81776500A1F54C /* Frameworks */ = {
			isa = PBXFrameworksBuildPhase;
			buildActionMask = 2147483647;
			files = (
			);
			runOnlyForDeploymentPostprocessing = 0;
		};
/* End PBXFrameworksBuildPhase section */

/* Begin PBXGroup section */
		771DA2D62E81776400A1F54C = {
			isa = PBXGroup;
			children = (
				771DA2E12E81776400A1F54C /* DailyAyah */,
				771DA2F82E81776500A1F54C /* DailyAyahTests */,
				771DA3022E81776500A1F54C /* DailyAyahUITests */,
				771DA2E02E81776400A1F54C /* Products */,
			);
			sourceTree = "<group>";
		};
		771DA2E02E81776400A1F54C /* Products */ = {
			isa = PBXGroup;
			children = (
				771DA2DF2E81776400A1F54C /* DailyAyah.app */,
				771DA2F52E81776500A1F54C /* DailyAyahTests.xctest */,
				771DA2FF2E81776500A1F54C /* DailyAyahUITests.xctest */,
			);
			name = Products;
			sourceTree = "<group>";
		};
/* End PBXGroup section */

/* Begin PBXNativeTarget section */
		771DA2DE2E81776400A1F54C /* DailyAyah */ = {
			isa = PBXNativeTarget;
			buildConfigurationList = 771DA3082E81776500A1F54C /* Build configuration list for PBXNativeTarget "DailyAyah" */;
			buildPhases = (
				771DA2DB2E81776400A1F54C /* Sources */,
				771DA2DC2E81776400A1F54C /* Frameworks */,
				771DA2DD2E81776400A1F54C /* Resources */,
			);
			buildRules = (
			);
			dependencies = (
			);
			fileSystemSynchronizedGroups = (
				771DA2E12E81776400A1F54C /* DailyAyah */,
			);
			name = DailyAyah;
			packageProductDependencies = (
			);
			productName = DailyAyah;
			productReference = 771DA2DF2E81776400A1F54C /* DailyAyah.app */;
			productType = "com.apple.product-type.application";
		};
		771DA2F42E81776500A1F54C /* DailyAyahTests */ = {
			isa = PBXNativeTarget;
			buildConfigurationList = 771DA30D2E81776500A1F54C /* Build configuration list for PBXNativeTarget "DailyAyahTests" */;
			buildPhases = (
				771DA2F12E81776500A1F54C /* Sources */,
				771DA2F22E81776500A1F54C /* Frameworks */,
				771DA2F32E81776500A1F54C /* Resources */,
			);
			buildRules = (
			);
			dependencies = (
				771DA2F72E81776500A1F54C /* PBXTargetDependency */,
			);
			fileSystemSynchronizedGroups = (
				771DA2F82E81776500A1F54C /* DailyAyahTests */,
			);
			name = DailyAyahTests;
			packageProductDependencies = (
			);
			productName = DailyAyahTests;
			productReference = 771DA2F52E81776500A1F54C /* DailyAyahTests.xctest */;
			productType = "com.apple.product-type.bundle.unit-test";
		};
		771DA2FE2E81776500A1F54C /* DailyAyahUITests */ = {
			isa = PBXNativeTarget;
			buildConfigurationList = 771DA3102E81776500A1F54C /* Build configuration list for PBXNativeTarget "DailyAyahUITests" */;
			buildPhases = (
				771DA2FB2E81776500A1F54C /* Sources */,
				771DA2FC2E81776500A1F54C /* Frameworks */,
				771DA2FD2E81776500A1F54C /* Resources */,
			);
			buildRules = (
			);
			dependencies = (
				771DA3012E81776500A1F54C /* PBXTargetDependency */,
			);
			fileSystemSynchronizedGroups = (
				771DA3022E81776500A1F54C /* DailyAyahUITests */,
			);
			name = DailyAyahUITests;
			packageProductDependencies = (
			);
			productName = DailyAyahUITests;
			productReference = 771DA2FF2E81776500A1F54C /* DailyAyahUITests.xctest */;
			productType = "com.apple.product-type.bundle.ui-testing";
		};
/* End PBXNativeTarget section */

/* Begin PBXProject section */
		771DA2D72E81776400A1F54C /* Project object */ = {
			isa = PBXProject;
			attributes = {
				BuildIndependentTargetsInParallel = 1;
				LastSwiftUpdateCheck = 1640;
				LastUpgradeCheck = 1640;
				TargetAttributes = {
					771DA2DE2E81776400A1F54C = {
						CreatedOnToolsVersion = 16.4;
					};
					771DA2F42E81776500A1F54C = {
						CreatedOnToolsVersion = 16.4;
						TestTargetID = 771DA2DE2E81776400A1F54C;
					};
					771DA2FE2E81776500A1F54C = {
						CreatedOnToolsVersion = 16.4;
						TestTargetID = 771DA2DE2E81776400A1F54C;
					};
				};
			};
			buildConfigurationList = 771DA2DA2E81776400A1F54C /* Build configuration list for PBXProject "DailyAyah" */;
			developmentRegion = en;
			hasScannedForEncodings = 0;
			knownRegions = (
				en,
				Base,
			);
			mainGroup = 771DA2D62E81776400A1F54C;
			minimizedProjectReferenceProxies = 1;
			preferredProjectObjectVersion = 77;
			productRefGroup = 771DA2E02E81776400A1F54C /* Products */;
			projectDirPath = "";
			projectRoot = "";
			targets = (
				771DA2DE2E81776400A1F54C /* DailyAyah */,
				771DA2F42E81776500A1F54C /* DailyAyahTests */,
				771DA2FE2E81776500A1F54C /* DailyAyahUITests */,
			);
		};
/* End PBXProject section */

/* Begin PBXResourcesBuildPhase section */
		771DA2DD2E81776400A1F54C /* Resources */ = {
			isa = PBXResourcesBuildPhase;
			buildActionMask = 2147483647;
			files = (
			);
			runOnlyForDeploymentPostprocessing = 0;
		};
		771DA2F32E81776500A1F54C /* Resources */ = {
			isa = PBXResourcesBuildPhase;
			buildActionMask = 2147483647;
			files = (
			);
			runOnlyForDeploymentPostprocessing = 0;
		};
		771DA2FD2E81776500A1F54C /* Resources */ = {
			isa = PBXResourcesBuildPhase;
			buildActionMask = 2147483647;
			files = (
			);
			runOnlyForDeploymentPostprocessing = 0;
		};
/* End PBXResourcesBuildPhase section */

/* Begin PBXSourcesBuildPhase section */
		771DA2DB2E81776400A1F54C /* Sources */ = {
			isa = PBXSourcesBuildPhase;
			buildActionMask = 2147483647;
			files = (
			);
			runOnlyForDeploymentPostprocessing = 0;
		};
		771DA2F12E81776500A1F54C /* Sources */ = {
			isa = PBXSourcesBuildPhase;
			buildActionMask = 2147483647;
			files = (
			);
			runOnlyForDeploymentPostprocessing = 0;
		};
		771DA2FB2E81776500A1F54C /* Sources */ = {
			isa = PBXSourcesBuildPhase;
			buildActionMask = 2147483647;
			files = (
			);
			runOnlyForDeploymentPostprocessing = 0;
		};
/* End PBXSourcesBuildPhase section */

/* Begin PBXTargetDependency section */
		771DA2F72E81776500A1F54C /* PBXTargetDependency */ = {
			isa = PBXTargetDependency;
			target = 771DA2DE2E81776400A1F54C /* DailyAyah */;
			targetProxy = 771DA2F62E81776500A1F54C /* PBXContainerItemProxy */;
		};
		771DA3012E81776500A1F54C /* PBXTargetDependency */ = {
			isa = PBXTargetDependency;
			target = 771DA2DE2E81776400A1F54C /* DailyAyah */;
			targetProxy = 771DA3002E81776500A1F54C /* PBXContainerItemProxy */;
		};
/* End PBXTargetDependency section */

/* Begin XCBuildConfiguration section */
		771DA3092E81776500A1F54C /* Debug */ = {
			isa = XCBuildConfiguration;
			buildSettings = {
				ASSETCATALOG_COMPILER_APPICON_NAME = AppIcon;
				ASSETCATALOG_COMPILER_GLOBAL_ACCENT_COLOR_NAME = AccentColor;
				CODE_SIGN_STYLE = Automatic;
				CURRENT_PROJECT_VERSION = 1;
				GENERATE_INFOPLIST_FILE = YES;
				INFOPLIST_FILE = DailyAyah/Info.plist;
				INFOPLIST_KEY_UIApplicationSupportsIndirectInputEvents = YES;
				INFOPLIST_KEY_UILaunchStoryboardName = LaunchScreen;
				INFOPLIST_KEY_UIMainStoryboardFile = Main;
				INFOPLIST_KEY_UISupportedInterfaceOrientations_iPad = "UIInterfaceOrientationPortrait UIInterfaceOrientationPortraitUpsideDown UIInterfaceOrientationLandscapeLeft UIInterfaceOrientationLandscapeRight";
				INFOPLIST_KEY_UISupportedInterfaceOrientations_iPhone = "UIInterfaceOrientationPortrait UIInterfaceOrientationLandscapeLeft UIInterfaceOrientationLandscapeRight";
				LD_RUNPATH_SEARCH_PATHS = (
					"$(inherited)",
					"@executable_path/Frameworks",
				);
				MARKETING_VERSION = 1.0;
				PRODUCT_BUNDLE_IDENTIFIER = com.Ramadhan.DailyAyah;
				PRODUCT_NAME = "$(TARGET_NAME)";
				SWIFT_EMIT_LOC_STRINGS = YES;
				SWIFT_VERSION = 5.0;
				TARGETED_DEVICE_FAMILY = "1,2";
			};
			name = Debug;
		};
		771DA30A2E81776500A1F54C /* Release */ = {
			isa = XCBuildConfiguration;
			buildSettings = {
				ASSETCATALOG_COMPILER_APPICON_NAME = AppIcon;
				ASSETCATALOG_COMPILER_GLOBAL_ACCENT_COLOR_NAME = AccentColor;
				CODE_SIGN_STYLE = Automatic;
				CURRENT_PROJECT_VERSION = 1;
				GENERATE_INFOPLIST_FILE = YES;
				INFOPLIST_FILE = DailyAyah/Info.plist;
				INFOPLIST_KEY_UIApplicationSupportsIndirectInputEvents = YES;
				INFOPLIST_KEY_UILaunchStoryboardName = LaunchScreen;
				INFOPLIST_KEY_UIMainStoryboardFile = Main;
				INFOPLIST_KEY_UISupportedInterfaceOrientations_iPad = "UIInterfaceOrientationPortrait UIInterfaceOrientationPortraitUpsideDown UIInterfaceOrientationLandscapeLeft UIInterfaceOrientationLandscapeRight";
				INFOPLIST_KEY_UISupportedInterfaceOrientations_iPhone = "UIInterfaceOrientationPortrait UIInterfaceOrientationLandscapeLeft UIInterfaceOrientationLandscapeRight";
				LD_RUNPATH_SEARCH_PATHS = (
					"$(inherited)",
					"@executable_path/Frameworks",
				);
				MARKETING_VERSION = 1.0;
				PRODUCT_BUNDLE_IDENTIFIER = com.Ramadhan.DailyAyah;
				PRODUCT_NAME = "$(TARGET_NAME)";
				SWIFT_EMIT_LOC_STRINGS = YES;
				SWIFT_VERSION = 5.0;
				TARGETED_DEVICE_FAMILY = "1,2";
			};
			name = Release;
		};
		771DA30B2E81776500A1F54C /* Debug */ = {
			isa = XCBuildConfiguration;
			buildSettings = {
				ALWAYS_SEARCH_USER_PATHS = NO;
				ASSETCATALOG_COMPILER_GENERATE_SWIFT_ASSET_SYMBOL_EXTENSIONS = YES;
				CLANG_ANALYZER_NONNULL = YES;
				CLANG_ANALYZER_NUMBER_OBJECT_CONVERSION = YES_AGGRESSIVE;
				CLANG_CXX_LANGUAGE_STANDARD = "gnu++20";
				CLANG_ENABLE_MODULES = YES;
				CLANG_ENABLE_OBJC_ARC = YES;
				CLANG_ENABLE_OBJC_WEAK = YES;
				CLANG_WARN_BLOCK_CAPTURE_AUTORELEASING = YES;
				CLANG_WARN_BOOL_CONVERSION = YES;
				CLANG_WARN_COMMA = YES;
				CLANG_WARN_CONSTANT_CONVERSION = YES;
				CLANG_WARN_DEPRECATED_OBJC_IMPLEMENTATIONS = YES;
				CLANG_WARN_DIRECT_OBJC_ISA_USAGE = YES_ERROR;
				CLANG_WARN_DOCUMENTATION_COMMENTS = YES;
				CLANG_WARN_EMPTY_BODY = YES;
				CLANG_WARN_ENUM_CONVERSION = YES;
				CLANG_WARN_INFINITE_RECURSION = YES;
				CLANG_WARN_INT_CONVERSION = YES;
				CLANG_WARN_NON_LITERAL_NULL_CONVERSION = YES;
				CLANG_WARN_OBJC_IMPLICIT_RETAIN_SELF = YES;
				CLANG_WARN_OBJC_LITERAL_CONVERSION = YES;
				CLANG_WARN_OBJC_ROOT_CLASS = YES_ERROR;
				CLANG_WARN_QUOTED_INCLUDE_IN_FRAMEWORK_HEADER = YES;
				CLANG_WARN_RANGE_LOOP_ANALYSIS = YES;
				CLANG_WARN_STRICT_PROTOTYPES = YES;
				CLANG_WARN_SUSPICIOUS_MOVE = YES;
				CLANG_WARN_UNGUARDED_AVAILABILITY = YES_AGGRESSIVE;
				CLANG_WARN_UNREACHABLE_CODE = YES;
				CLANG_WARN__DUPLICATE_METHOD_MATCH = YES;
				COPY_PHASE_STRIP = NO;
				DEBUG_INFORMATION_FORMAT = dwarf;
				ENABLE_STRICT_OBJC_MSGSEND = YES;
				ENABLE_TESTABILITY = YES;
				ENABLE_USER_SCRIPT_SANDBOXING = YES;
				GCC_C_LANGUAGE_STANDARD = gnu17;
				GCC_DYNAMIC_NO_PIC = NO;
				GCC_NO_COMMON_BLOCKS = YES;
				GCC_OPTIMIZATION_LEVEL = 0;
				GCC_PREPROCESSOR_DEFINITIONS = (
					"DEBUG=1",
					"$(inherited)",
				);
				GCC_WARN_64_TO_32_BIT_CONVERSION = YES;
				GCC_WARN_ABOUT_RETURN_TYPE = YES_ERROR;
				GCC_WARN_UNDECLARED_SELECTOR = YES;
				GCC_WARN_UNINITIALIZED_AUTOS = YES_AGGRESSIVE;
				GCC_WARN_UNUSED_FUNCTION = YES;
				GCC_WARN_UNUSED_VARIABLE = YES;
				IPHONEOS_DEPLOYMENT_TARGET = 18.5;
				LOCALIZATION_PREFERS_STRING_CATALOGS = YES;
				MTL_ENABLE_DEBUG_INFO = INCLUDE_SOURCE;
				MTL_FAST_MATH = YES;
				ONLY_ACTIVE_ARCH = YES;
				SDKROOT = iphoneos;
				SWIFT_ACTIVE_COMPILATION_CONDITIONS = "DEBUG $(inherited)";
				SWIFT_OPTIMIZATION_LEVEL = "-Onone";
			};
			name = Debug;
		};
		771DA30C2E81776500A1F54C /* Release */ = {
			isa = XCBuildConfiguration;
			buildSettings = {
				ALWAYS_SEARCH_USER_PATHS = NO;
				ASSETCATALOG_COMPILER_GENERATE_SWIFT_ASSET_SYMBOL_EXTENSIONS = YES;
				CLANG_ANALYZER_NONNULL = YES;
				CLANG_ANALYZER_NUMBER_OBJECT_CONVERSION = YES_AGGRESSIVE;
				CLANG_CXX_LANGUAGE_STANDARD = "gnu++20";
				CLANG_ENABLE_MODULES = YES;
				CLANG_ENABLE_OBJC_ARC = YES;
				CLANG_ENABLE_OBJC_WEAK = YES;
				CLANG_WARN_BLOCK_CAPTURE_AUTORELEASING = YES;
				CLANG_WARN_BOOL_CONVERSION = YES;
				CLANG_WARN_COMMA = YES;
				CLANG_WARN_CONSTANT_CONVERSION = YES;
				CLANG_WARN_DEPRECATED_OBJC_IMPLEMENTATIONS = YES;
				CLANG_WARN_DIRECT_OBJC_ISA_USAGE = YES_ERROR;
				CLANG_WARN_DOCUMENTATION_COMMENTS = YES;
				CLANG_WARN_EMPTY_BODY = YES;
				CLANG_WARN_ENUM_CONVERSION = YES;
				CLANG_WARN_INFINITE_RECURSION = YES;
				CLANG_WARN_INT_CONVERSION = YES;
				CLANG_WARN_NON_LITERAL_NULL_CONVERSION = YES;
				CLANG_WARN_OBJC_IMPLICIT_RETAIN_SELF = YES;
				CLANG_WARN_OBJC_LITERAL_CONVERSION = YES;
				CLANG_WARN_OBJC_ROOT_CLASS = YES_ERROR;
				CLANG_WARN_QUOTED_INCLUDE_IN_FRAMEWORK_HEADER = YES;
				CLANG_WARN_RANGE_LOOP_ANALYSIS = YES;
				CLANG_WARN_STRICT_PROTOTYPES = YES;
				CLANG_WARN_SUSPICIOUS_MOVE = YES;
				CLANG_WARN_UNGUARDED_AVAILABILITY = YES_AGGRESSIVE;
				CLANG_WARN_UNREACHABLE_CODE = YES;
				CLANG_WARN__DUPLICATE_METHOD_MATCH = YES;
				COPY_PHASE_STRIP = NO;
				DEBUG_INFORMATION_FORMAT = "dwarf-with-dsym";
				ENABLE_NS_ASSERTIONS = NO;
				ENABLE_STRICT_OBJC_MSGSEND = YES;
				ENABLE_USER_SCRIPT_SANDBOXING = YES;
				GCC_C_LANGUAGE_STANDARD = gnu17;
				GCC_NO_COMMON_BLOCKS = YES;
				GCC_WARN_64_TO_32_BIT_CONVERSION = YES;
				GCC_WARN_ABOUT_RETURN_TYPE = YES_ERROR;
				GCC_WARN_UNDECLARED_SELECTOR = YES;
				GCC_WARN_UNINITIALIZED_AUTOS = YES_AGGRESSIVE;
				GCC_WARN_UNUSED_FUNCTION = YES;
				GCC_WARN_UNUSED_VARIABLE = YES;
				IPHONEOS_DEPLOYMENT_TARGET = 18.5;
				LOCALIZATION_PREFERS_STRING_CATALOGS = YES;
				MTL_ENABLE_DEBUG_INFO = NO;
				MTL_FAST_MATH = YES;
				SDKROOT = iphoneos;
				SWIFT_COMPILATION_MODE = wholemodule;
				VALIDATE_PRODUCT = YES;
			};
			name = Release;
		};
		771DA30E2E81776500A1F54C /* Debug */ = {
			isa = XCBuildConfiguration;
			buildSettings = {
				BUNDLE_LOADER = "$(TEST_HOST)";
				CODE_SIGN_STYLE = Automatic;
				CURRENT_PROJECT_VERSION = 1;
				GENERATE_INFOPLIST_FILE = YES;
				IPHONEOS_DEPLOYMENT_TARGET = 18.5;
				MARKETING_VERSION = 1.0;
				PRODUCT_BUNDLE_IDENTIFIER = com.Ramadhan.DailyAyahTests;
				PRODUCT_NAME = "$(TARGET_NAME)";
				SWIFT_EMIT_LOC_STRINGS = NO;
				SWIFT_VERSION = 5.0;
				TARGETED_DEVICE_FAMILY = "1,2";
				TEST_HOST = "$(BUILT_PRODUCTS_DIR)/DailyAyah.app/$(BUNDLE_EXECUTABLE_FOLDER_PATH)/DailyAyah";
			};
			name = Debug;
		};
		771DA30F2E81776500A1F54C /* Release */ = {
			isa = XCBuildConfiguration;
			buildSettings = {
				BUNDLE_LOADER = "$(TEST_HOST)";
				CODE_SIGN_STYLE = Automatic;
				CURRENT_PROJECT_VERSION = 1;
				GENERATE_INFOPLIST_FILE = YES;
				IPHONEOS_DEPLOYMENT_TARGET = 18.5;
				MARKETING_VERSION = 1.0;
				PRODUCT_BUNDLE_IDENTIFIER = com.Ramadhan.DailyAyahTests;
				PRODUCT_NAME = "$(TARGET_NAME)";
				SWIFT_EMIT_LOC_STRINGS = NO;
				SWIFT_VERSION = 5.0;
				TARGETED_DEVICE_FAMILY = "1,2";
				TEST_HOST = "$(BUILT_PRODUCTS_DIR)/DailyAyah.app/$(BUNDLE_EXECUTABLE_FOLDER_PATH)/DailyAyah";
			};
			name = Release;
		};
		771DA3112E81776500A1F54C /* Debug */ = {
			isa = XCBuildConfiguration;
			buildSettings = {
				CODE_SIGN_STYLE = Automatic;
				CURRENT_PROJECT_VERSION = 1;
				GENERATE_INFOPLIST_FILE = YES;
				MARKETING_VERSION = 1.0;
				PRODUCT_BUNDLE_IDENTIFIER = com.Ramadhan.DailyAyahUITests;
				PRODUCT_NAME = "$(TARGET_NAME)";
				SWIFT_EMIT_LOC_STRINGS = NO;
				SWIFT_VERSION = 5.0;
				TARGETED_DEVICE_FAMILY = "1,2";
				TEST_TARGET_NAME = DailyAyah;
			};
			name = Debug;
		};
		771DA3122E81776500A1F54C /* Release */ = {
			isa = XCBuildConfiguration;
			buildSettings = {
				CODE_SIGN_STYLE = Automatic;
				CURRENT_PROJECT_VERSION = 1;
				GENERATE_INFOPLIST_FILE = YES;
				MARKETING_VERSION = 1.0;
				PRODUCT_BUNDLE_IDENTIFIER = com.Ramadhan.DailyAyahUITests;
				PRODUCT_NAME = "$(TARGET_NAME)";
				SWIFT_EMIT_LOC_STRINGS = NO;
				SWIFT_VERSION = 5.0;
				TARGETED_DEVICE_FAMILY = "1,2";
				TEST_TARGET_NAME = DailyAyah;
			};
			name = Release;
		};
/* End XCBuildConfiguration section */

/* Begin XCConfigurationList section */
		771DA2DA2E81776400A1F54C /* Build configuration list for PBXProject "DailyAyah" */ = {
			isa = XCConfigurationList;
			buildConfigurations = (
				771DA30B2E81776500A1F54C /* Debug */,
				771DA30C2E81776500A1F54C /* Release */,
			);
			defaultConfigurationIsVisible = 0;
			defaultConfigurationName = Release;
		};
		771DA3082E81776500A1F54C /* Build configuration list for PBXNativeTarget "DailyAyah" */ = {
			isa = XCConfigurationList;
			buildConfigurations = (
				771DA3092E81776500A1F54C /* Debug */,
				771DA30A2E81776500A1F54C /* Release */,
			);
			defaultConfigurationIsVisible = 0;
			defaultConfigurationName = Release;
		};
		771DA30D2E81776500A1F54C /* Build configuration list for PBXNativeTarget "DailyAyahTests" */ = {
			isa = XCConfigurationList;
			buildConfigurations = (
				771DA30E2E81776500A1F54C /* Debug */,
				771DA30F2E81776500A1F54C /* Release */,
			);
			defaultConfigurationIsVisible = 0;
			defaultConfigurationName = Release;
		};
		771DA3102E81776500A1F54C /* Build configuration list for PBXNativeTarget "DailyAyahUITests" */ = {
			isa = XCConfigurationList;
			buildConfigurations = (
				771DA3112E81776500A1F54C /* Debug */,
				771DA3122E81776500A1F54C /* Release */,
			);
			defaultConfigurationIsVisible = 0;
			defaultConfigurationName = Release;
		};
/* End XCConfigurationList section */
	};
	rootObject = 771DA2D72E81776400A1F54C /* Project object */;
}
