// !$*UTF8*$!
{
	archiveVersion = 1;
	classes = {
	};
	objectVersion = 77;
	objects = {

/* Begin PBXBuildFile section */
		77E480E72EC4767C00F7CD78 /* WidgetKit.framework in Frameworks */ = {isa = PBXBuildFile; fileRef = 77E480E62EC4767C00F7CD78 /* WidgetKit.framework */; };
		77E480E92EC4767C00F7CD78 /* SwiftUI.framework in Frameworks */ = {isa = PBXBuildFile; fileRef = 77E480E82EC4767C00F7CD78 /* SwiftUI.framework */; };
		77E480F82EC4767D00F7CD78 /* DailyAyahWidgetExtension.appex in Embed Foundation Extensions */ = {isa = PBXBuildFile; fileRef = 77E480E42EC4767C00F7CD78 /* DailyAyahWidgetExtension.appex */; settings = {ATTRIBUTES = (RemoveHeadersOnCopy, ); }; };
/* End PBXBuildFile section */

/* Begin PBXContainerItemProxy section */
		771DA2F62E81776500A1F54C /* PBXContainerItemProxy */ = {
			isa = PBXContainerItemProxy;
			containerPortal = 771DA2D72E81776400A1F54C /* Project object */;
			proxyType = 1;
			remoteGlobalIDString = 771DA2DE2E81776400A1F54C;
			remoteInfo = DailyAyah;
		};
		771DA3002E81776500A1F54C /* PBXContainerItemProxy */ = {
			isa = PBXContainerItemProxy;
			containerPortal = 771DA2D72E81776400A1F54C /* Project object */;
			proxyType = 1;
			remoteGlobalIDString = 771DA2DE2E81776400A1F54C;
			remoteInfo = DailyAyah;
		};
		77E480F62EC4767D00F7CD78 /* PBXContainerItemProxy */ = {
			isa = PBXContainerItemProxy;
			containerPortal = 771DA2D72E81776400A1F54C /* Project object */;
			proxyType = 1;
			remoteGlobalIDString = 77E480E32EC4767C00F7CD78;
			remoteInfo = DailyAyahWidgetExtension;
		};
/* End PBXContainerItemProxy section */

/* Begin PBXCopyFilesBuildPhase section */
		77E480FD2EC4767D00F7CD78 /* Embed Foundation Extensions */ = {
			isa = PBXCopyFilesBuildPhase;
			buildActionMask = 2147483647;
			dstPath = "";
			dstSubfolderSpec = 13;
			files = (
				77E480F82EC4767D00F7CD78 /* DailyAyahWidgetExtension.appex in Embed Foundation Extensions */,
			);
			name = "Embed Foundation Extensions";
			runOnlyForDeploymentPostprocessing = 0;
		};
/* End PBXCopyFilesBuildPhase section */

/* Begin PBXFileReference section */
		771DA2DF2E81776400A1F54C /* DailyAyah.app */ = {isa = PBXFileReference; explicitFileType = wrapper.application; includeInIndex = 0; path = DailyAyah.app; sourceTree = BUILT_PRODUCTS_DIR; };
		771DA2F52E81776500A1F54C /* DailyAyahTests.xctest */ = {isa = PBXFileReference; explicitFileType = wrapper.cfbundle; includeInIndex = 0; path = DailyAyahTests.xctest; sourceTree = BUILT_PRODUCTS_DIR; };
		771DA2FF2E81776500A1F54C /* DailyAyahUITests.xctest */ = {isa = PBXFileReference; explicitFileType = wrapper.cfbundle; includeInIndex = 0; path = DailyAyahUITests.xctest; sourceTree = BUILT_PRODUCTS_DIR; };
		77E480E42EC4767C00F7CD78 /* DailyAyahWidgetExtension.appex */ = {isa = PBXFileReference; explicitFileType = "wrapper.app-extension"; includeInIndex = 0; path = DailyAyahWidgetExtension.appex; sourceTree = BUILT_PRODUCTS_DIR; };
		77E480E62EC4767C00F7CD78 /* WidgetKit.framework */ = {isa = PBXFileReference; lastKnownFileType = wrapper.framework; name = WidgetKit.framework; path = System/Library/Frameworks/WidgetKit.framework; sourceTree = SDKROOT; };
		77E480E82EC4767C00F7CD78 /* SwiftUI.framework */ = {isa = PBXFileReference; lastKnownFileType = wrapper.framework; name = SwiftUI.framework; path = System/Library/Frameworks/SwiftUI.framework; sourceTree = SDKROOT; };
		77E4810D2EC48C0800F7CD78 /* DailyAyahWidgetExtension.entitlements */ = {isa = PBXFileReference; lastKnownFileType = text.plist.entitlements; path = DailyAyahWidgetExtension.entitlements; sourceTree = "<group>"; };
/* End PBXFileReference section */

/* Begin PBXFileSystemSynchronizedBuildFileExceptionSet section */
		7713F53F2EB8D7F5007CC3DB /* Exceptions for "DailyAyahTests" folder in "DailyAyah" target */ = {
			isa = PBXFileSystemSynchronizedBuildFileExceptionSet;
			membershipExceptions = (
				MockNetworkManager.swift,
			);
			target = 771DA2DE2E81776400A1F54C /* DailyAyah */;
		};
		771DA3072E81776500A1F54C /* Exceptions for "DailyAyah" folder in "DailyAyah" target */ = {
			isa = PBXFileSystemSynchronizedBuildFileExceptionSet;
			membershipExceptions = (
				Info.plist,
			);
			target = 771DA2DE2E81776400A1F54C /* DailyAyah */;
		};
		77D924E22EB9FC5500C27AB0 /* Exceptions for "DailyAyahTests" folder in "DailyAyahTests" target */ = {
			isa = PBXFileSystemSynchronizedBuildFileExceptionSet;
			membershipExceptions = (
				MockNetworkManager.swift,
			);
			target = 771DA2F42E81776500A1F54C /* DailyAyahTests */;
		};
		77E480FC2EC4767D00F7CD78 /* Exceptions for "DailyAyahWidget" folder in "DailyAyahWidgetExtension" target */ = {
			isa = PBXFileSystemSynchronizedBuildFileExceptionSet;
			membershipExceptions = (
				Info.plist,
			);
			target = 77E480E32EC4767C00F7CD78 /* DailyAyahWidgetExtension */;
		};
		77E480FF2EC4801100F7CD78 /* Exceptions for "DailyAyah" folder in "DailyAyahWidgetExtension" target */ = {
			isa = PBXFileSystemSynchronizedBuildFileExceptionSet;
			membershipExceptions = (
				Assets.xcassets,
				JSON/Fear.json,
				JSON/Forbearance.json,
				JSON/Forgiveness.json,
				JSON/Gratitude.json,
				JSON/Hope.json,
				JSON/Patience.json,
				Managers/LocalDataManager.swift,
				Managers/ProtocolManagers.swift,
				Managers/VerseOfTheDayManager.swift,
				Models/JSONModel.swift,
				Models/OnboardingModel.swift,
				Models/VerseModel.swift,
				Models/VerseModelResponse.swift,
				Utilities/CacheManager.swift,
				Utilities/MoodTracker.swift,
				Utilities/SharedUserDefaults.swift,
			);
			target = 77E480E32EC4767C00F7CD78 /* DailyAyahWidgetExtension */;
		};
/* End PBXFileSystemSynchronizedBuildFileExceptionSet section */

/* Begin PBXFileSystemSynchronizedRootGroup section */
		771DA2E12E81776400A1F54C /* DailyAyah */ = {
			isa = PBXFileSystemSynchronizedRootGroup;
			exceptions = (
				771DA3072E81776500A1F54C /* Exceptions for "DailyAyah" folder in "DailyAyah" target */,
				77E480FF2EC4801100F7CD78 /* Exceptions for "DailyAyah" folder in "DailyAyahWidgetExtension" target */,
			);
			path = DailyAyah;
			sourceTree = "<group>";
		};
		771DA2F82E81776500A1F54C /* DailyAyahTests */ = {
			isa = PBXFileSystemSynchronizedRootGroup;
			exceptions = (
				7713F53F2EB8D7F5007CC3DB /* Exceptions for "DailyAyahTests" folder in "DailyAyah" target */,
				77D924E22EB9FC5500C27AB0 /* Exceptions for "DailyAyahTests" folder in "DailyAyahTests" target */,
			);
			path = DailyAyahTests;
			sourceTree = "<group>";
		};
		771DA3022E81776500A1F54C /* DailyAyahUITests */ = {
			isa = PBXFileSystemSynchronizedRootGroup;
			path = DailyAyahUITests;
			sourceTree = "<group>";
		};
		77E480EA2EC4767C00F7CD78 /* DailyAyahWidget */ = {
			isa = PBXFileSystemSynchronizedRootGroup;
			exceptions = (
				77E480FC2EC4767D00F7CD78 /* Exceptions for "DailyAyahWidget" folder in "DailyAyahWidgetExtension" target */,
			);
			path = DailyAyahWidget;
			sourceTree = "<group>";
		};
/* End PBXFileSystemSynchronizedRootGroup section */

/* Begin PBXFrameworksBuildPhase section */
		771DA2DC2E81776400A1F54C /* Frameworks */ = {
			isa = PBXFrameworksBuildPhase;
			buildActionMask = 2147483647;
			files = (
			);
			runOnlyForDeploymentPostprocessing = 0;
		};
		771DA2F22E81776500A1F54C /* Frameworks */ = {
			isa = PBXFrameworksBuildPhase;
			buildActionMask = 2147483647;
			files = (
			);
			runOnlyForDeploymentPostprocessing = 0;
		};
		771DA2FC2E81776500A1F54C /* Frameworks */ = {
			isa = PBXFrameworksBuildPhase;
			buildActionMask = 2147483647;
			files = (
			);
			runOnlyForDeploymentPostprocessing = 0;
		};
		77E480E12EC4767C00F7CD78 /* Frameworks */ = {
			isa = PBXFrameworksBuildPhase;
			buildActionMask = 2147483647;
			files = (
				77E480E92EC4767C00F7CD78 /* SwiftUI.framework in Frameworks */,
				77E480E72EC4767C00F7CD78 /* WidgetKit.framework in Frameworks */,
			);
			runOnlyForDeploymentPostprocessing = 0;
		};
/* End PBXFrameworksBuildPhase section */

/* Begin PBXGroup section */
		771DA2D62E81776400A1F54C = {
			isa = PBXGroup;
			children = (
				77E4810D2EC48C0800F7CD78 /* DailyAyahWidgetExtension.entitlements */,
				771DA2E12E81776400A1F54C /* DailyAyah */,
				771DA2F82E81776500A1F54C /* DailyAyahTests */,
				771DA3022E81776500A1F54C /* DailyAyahUITests */,
				77E480EA2EC4767C00F7CD78 /* DailyAyahWidget */,
				77E480E52EC4767C00F7CD78 /* Frameworks */,
				771DA2E02E81776400A1F54C /* Products */,
			);
			sourceTree = "<group>";
		};
		771DA2E02E81776400A1F54C /* Products */ = {
			isa = PBXGroup;
			children = (
				771DA2DF2E81776400A1F54C /* DailyAyah.app */,
				771DA2F52E81776500A1F54C /* DailyAyahTests.xctest */,
				771DA2FF2E81776500A1F54C /* DailyAyahUITests.xctest */,
				77E480E42EC4767C00F7CD78 /* DailyAyahWidgetExtension.appex */,
			);
			name = Products;
			sourceTree = "<group>";
		};
		77E480E52EC4767C00F7CD78 /* Frameworks */ = {
			isa = PBXGroup;
			children = (
				77E480E62EC4767C00F7CD78 /* WidgetKit.framework */,
				77E480E82EC4767C00F7CD78 /* SwiftUI.framework */,
			);
			name = Frameworks;
			sourceTree = "<group>";
		};
/* End PBXGroup section */

/* Begin PBXNativeTarget section */
		771DA2DE2E81776400A1F54C /* DailyAyah */ = {
			isa = PBXNativeTarget;
			buildConfigurationList = 771DA3082E81776500A1F54C /* Build configuration list for PBXNativeTarget "DailyAyah" */;
			buildPhases = (
				771DA2DB2E81776400A1F54C /* Sources */,
				771DA2DC2E81776400A1F54C /* Frameworks */,
				771DA2DD2E81776400A1F54C /* Resources */,
				77E480FD2EC4767D00F7CD78 /* Embed Foundation Extensions */,
			);
			buildRules = (
			);
			dependencies = (
				77E480F72EC4767D00F7CD78 /* PBXTargetDependency */,
			);
			fileSystemSynchronizedGroups = (
				771DA2E12E81776400A1F54C /* DailyAyah */,
			);
			name = DailyAyah;
			packageProductDependencies = (
			);
			productName = DailyAyah;
			productReference = 771DA2DF2E81776400A1F54C /* DailyAyah.app */;
			productType = "com.apple.product-type.application";
		};
		771DA2F42E81776500A1F54C /* DailyAyahTests */ = {
			isa = PBXNativeTarget;
			buildConfigurationList = 771DA30D2E81776500A1F54C /* Build configuration list for PBXNativeTarget "DailyAyahTests" */;
			buildPhases = (
				771DA2F12E81776500A1F54C /* Sources */,
				771DA2F22E81776500A1F54C /* Frameworks */,
				771DA2F32E81776500A1F54C /* Resources */,
			);
			buildRules = (
			);
			dependencies = (
				771DA2F72E81776500A1F54C /* PBXTargetDependency */,
			);
			fileSystemSynchronizedGroups = (
				771DA2F82E81776500A1F54C /* DailyAyahTests */,
			);
			name = DailyAyahTests;
			packageProductDependencies = (
			);
			productName = DailyAyahTests;
			productReference = 771DA2F52E81776500A1F54C /* DailyAyahTests.xctest */;
			productType = "com.apple.product-type.bundle.unit-test";
		};
		771DA2FE2E81776500A1F54C /* DailyAyahUITests */ = {
			isa = PBXNativeTarget;
			buildConfigurationList = 771DA3102E81776500A1F54C /* Build configuration list for PBXNativeTarget "DailyAyahUITests" */;
			buildPhases = (
				771DA2FB2E81776500A1F54C /* Sources */,
				771DA2FC2E81776500A1F54C /* Frameworks */,
				771DA2FD2E81776500A1F54C /* Resources */,
			);
			buildRules = (
			);
			dependencies = (
				771DA3012E81776500A1F54C /* PBXTargetDependency */,
			);
			fileSystemSynchronizedGroups = (
				771DA3022E81776500A1F54C /* DailyAyahUITests */,
			);
			name = DailyAyahUITests;
			packageProductDependencies = (
			);
			productName = DailyAyahUITests;
			productReference = 771DA2FF2E81776500A1F54C /* DailyAyahUITests.xctest */;
			productType = "com.apple.product-type.bundle.ui-testing";
		};
		77E480E32EC4767C00F7CD78 /* DailyAyahWidgetExtension */ = {
			isa = PBXNativeTarget;
			buildConfigurationList = 77E480F92EC4767D00F7CD78 /* Build configuration list for PBXNativeTarget "DailyAyahWidgetExtension" */;
			buildPhases = (
				77E480E02EC4767C00F7CD78 /* Sources */,
				77E480E12EC4767C00F7CD78 /* Frameworks */,
				77E480E22EC4767C00F7CD78 /* Resources */,
			);
			buildRules = (
			);
			dependencies = (
			);
			fileSystemSynchronizedGroups = (
				77E480EA2EC4767C00F7CD78 /* DailyAyahWidget */,
			);
			name = DailyAyahWidgetExtension;
			packageProductDependencies = (
			);
			productName = DailyAyahWidgetExtension;
			productReference = 77E480E42EC4767C00F7CD78 /* DailyAyahWidgetExtension.appex */;
			productType = "com.apple.product-type.app-extension";
		};
/* End PBXNativeTarget section */

/* Begin PBXProject section */
		771DA2D72E81776400A1F54C /* Project object */ = {
			isa = PBXProject;
			attributes = {
				BuildIndependentTargetsInParallel = 1;
				LastSwiftUpdateCheck = 1640;
				LastUpgradeCheck = 1640;
				TargetAttributes = {
					771DA2DE2E81776400A1F54C = {
						CreatedOnToolsVersion = 16.4;
					};
					771DA2F42E81776500A1F54C = {
						CreatedOnToolsVersion = 16.4;
						TestTargetID = 771DA2DE2E81776400A1F54C;
					};
					771DA2FE2E81776500A1F54C = {
						CreatedOnToolsVersion = 16.4;
						TestTargetID = 771DA2DE2E81776400A1F54C;
					};
					77E480E32EC4767C00F7CD78 = {
						CreatedOnToolsVersion = 16.4;
					};
				};
			};
			buildConfigurationList = 771DA2DA2E81776400A1F54C /* Build configuration list for PBXProject "DailyAyah" */;
			developmentRegion = en;
			hasScannedForEncodings = 0;
			knownRegions = (
				en,
				Base,
			);
			mainGroup = 771DA2D62E81776400A1F54C;
			minimizedProjectReferenceProxies = 1;
			preferredProjectObjectVersion = 77;
			productRefGroup = 771DA2E02E81776400A1F54C /* Products */;
			projectDirPath = "";
			projectRoot = "";
			targets = (
				771DA2DE2E81776400A1F54C /* DailyAyah */,
				771DA2F42E81776500A1F54C /* DailyAyahTests */,
				771DA2FE2E81776500A1F54C /* DailyAyahUITests */,
				77E480E32EC4767C00F7CD78 /* DailyAyahWidgetExtension */,
			);
		};
/* End PBXProject section */

/* Begin PBXResourcesBuildPhase section */
		771DA2DD2E81776400A1F54C /* Resources */ = {
			isa = PBXResourcesBuildPhase;
			buildActionMask = 2147483647;
			files = (
			);
			runOnlyForDeploymentPostprocessing = 0;
		};
		771DA2F32E81776500A1F54C /* Resources */ = {
			isa = PBXResourcesBuildPhase;
			buildActionMask = 2147483647;
			files = (
			);
			runOnlyForDeploymentPostprocessing = 0;
		};
		771DA2FD2E81776500A1F54C /* Resources */ = {
			isa = PBXResourcesBuildPhase;
			buildActionMask = 2147483647;
			files = (
			);
			runOnlyForDeploymentPostprocessing = 0;
		};
		77E480E22EC4767C00F7CD78 /* Resources */ = {
			isa = PBXResourcesBuildPhase;
			buildActionMask = 2147483647;
			files = (
			);
			runOnlyForDeploymentPostprocessing = 0;
		};
/* End PBXResourcesBuildPhase section */

/* Begin PBXSourcesBuildPhase section */
		771DA2DB2E81776400A1F54C /* Sources */ = {
			isa = PBXSourcesBuildPhase;
			buildActionMask = 2147483647;
			files = (
			);
			runOnlyForDeploymentPostprocessing = 0;
		};
		771DA2F12E81776500A1F54C /* Sources */ = {
			isa = PBXSourcesBuildPhase;
			buildActionMask = 2147483647;
			files = (
			);
			runOnlyForDeploymentPostprocessing = 0;
		};
		771DA2FB2E81776500A1F54C /* Sources */ = {
			isa = PBXSourcesBuildPhase;
			buildActionMask = 2147483647;
			files = (
			);
			runOnlyForDeploymentPostprocessing = 0;
		};
		77E480E02EC4767C00F7CD78 /* Sources */ = {
			isa = PBXSourcesBuildPhase;
			buildActionMask = 2147483647;
			files = (
			);
			runOnlyForDeploymentPostprocessing = 0;
		};
/* End PBXSourcesBuildPhase section */

/* Begin PBXTargetDependency section */
		771DA2F72E81776500A1F54C /* PBXTargetDependency */ = {
			isa = PBXTargetDependency;
			target = 771DA2DE2E81776400A1F54C /* DailyAyah */;
			targetProxy = 771DA2F62E81776500A1F54C /* PBXContainerItemProxy */;
		};
		771DA3012E81776500A1F54C /* PBXTargetDependency */ = {
			isa = PBXTargetDependency;
			target = 771DA2DE2E81776400A1F54C /* DailyAyah */;
			targetProxy = 771DA3002E81776500A1F54C /* PBXContainerItemProxy */;
		};
		77E480F72EC4767D00F7CD78 /* PBXTargetDependency */ = {
			isa = PBXTargetDependency;
			target = 77E480E32EC4767C00F7CD78 /* DailyAyahWidgetExtension */;
			targetProxy = 77E480F62EC4767D00F7CD78 /* PBXContainerItemProxy */;
		};
/* End PBXTargetDependency section */

/* Begin XCBuildConfiguration section */
		771DA3092E81776500A1F54C /* Debug */ = {
			isa = XCBuildConfiguration;
			buildSettings = {
				ASSETCATALOG_COMPILER_APPICON_NAME = AppIcon;
				ASSETCATALOG_COMPILER_GLOBAL_ACCENT_COLOR_NAME = AccentColor;
				ASSETCATALOG_COMPILER_INCLUDE_ALL_APPICON_ASSETS = NO;
				CODE_SIGN_ENTITLEMENTS = DailyAyah/DailyAyah.entitlements;
				CODE_SIGN_STYLE = Automatic;
				CURRENT_PROJECT_VERSION = 1;
				DEVELOPMENT_TEAM = 2F9845V9D9;
				GENERATE_INFOPLIST_FILE = YES;
				INFOPLIST_FILE = DailyAyah/Info.plist;
				INFOPLIST_KEY_UIApplicationSupportsIndirectInputEvents = YES;
				INFOPLIST_KEY_UILaunchStoryboardName = LaunchScreen.storyboard;
				INFOPLIST_KEY_UISupportedInterfaceOrientations_iPad = "UIInterfaceOrientationPortrait UIInterfaceOrientationPortraitUpsideDown UIInterfaceOrientationLandscapeLeft UIInterfaceOrientationLandscapeRight";
				INFOPLIST_KEY_UISupportedInterfaceOrientations_iPhone = "UIInterfaceOrientationPortrait UIInterfaceOrientationLandscapeLeft UIInterfaceOrientationLandscapeRight";
				LD_RUNPATH_SEARCH_PATHS = (
					"$(inherited)",
					"@executable_path/Frameworks",
				);
				MARKETING_VERSION = 1.0;
				PRODUCT_BUNDLE_IDENTIFIER = com.Ramadhan.DailyAyah;
				PRODUCT_NAME = "$(TARGET_NAME)";
				SWIFT_EMIT_LOC_STRINGS = YES;
				SWIFT_VERSION = 5.0;
				TARGETED_DEVICE_FAMILY = "1,2";
			};
			name = Debug;
		};
		771DA30A2E81776500A1F54C /* Release */ = {
			isa = XCBuildConfiguration;
			buildSettings = {
				ASSETCATALOG_COMPILER_APPICON_NAME = AppIcon;
				ASSETCATALOG_COMPILER_GLOBAL_ACCENT_COLOR_NAME = AccentColor;
				ASSETCATALOG_COMPILER_INCLUDE_ALL_APPICON_ASSETS = NO;
				CODE_SIGN_ENTITLEMENTS = DailyAyah/DailyAyah.entitlements;
				CODE_SIGN_STYLE = Automatic;
				CURRENT_PROJECT_VERSION = 1;
				DEVELOPMENT_TEAM = 2F9845V9D9;
				GENERATE_INFOPLIST_FILE = YES;
				INFOPLIST_FILE = DailyAyah/Info.plist;
				INFOPLIST_KEY_UIApplicationSupportsIndirectInputEvents = YES;
				INFOPLIST_KEY_UILaunchStoryboardName = LaunchScreen.storyboard;
				INFOPLIST_KEY_UISupportedInterfaceOrientations_iPad = "UIInterfaceOrientationPortrait UIInterfaceOrientationPortraitUpsideDown UIInterfaceOrientationLandscapeLeft UIInterfaceOrientationLandscapeRight";
				INFOPLIST_KEY_UISupportedInterfaceOrientations_iPhone = "UIInterfaceOrientationPortrait UIInterfaceOrientationLandscapeLeft UIInterfaceOrientationLandscapeRight";
				LD_RUNPATH_SEARCH_PATHS = (
					"$(inherited)",
					"@executable_path/Frameworks",
				);
				MARKETING_VERSION = 1.0;
				PRODUCT_BUNDLE_IDENTIFIER = com.Ramadhan.DailyAyah;
				PRODUCT_NAME = "$(TARGET_NAME)";
				SWIFT_EMIT_LOC_STRINGS = YES;
				SWIFT_VERSION = 5.0;
				TARGETED_DEVICE_FAMILY = "1,2";
			};
			name = Release;
		};
		771DA30B2E81776500A1F54C /* Debug */ = {
			isa = XCBuildConfiguration;
			buildSettings = {
				ALWAYS_SEARCH_USER_PATHS = NO;
				ASSETCATALOG_COMPILER_GENERATE_SWIFT_ASSET_SYMBOL_EXTENSIONS = YES;
				CLANG_ANALYZER_NONNULL = YES;
				CLANG_ANALYZER_NUMBER_OBJECT_CONVERSION = YES_AGGRESSIVE;
				CLANG_CXX_LANGUAGE_STANDARD = "gnu++20";
				CLANG_ENABLE_MODULES = YES;
				CLANG_ENABLE_OBJC_ARC = YES;
				CLANG_ENABLE_OBJC_WEAK = YES;
				CLANG_WARN_BLOCK_CAPTURE_AUTORELEASING = YES;
				CLANG_WARN_BOOL_CONVERSION = YES;
				CLANG_WARN_COMMA = YES;
				CLANG_WARN_CONSTANT_CONVERSION = YES;
				CLANG_WARN_DEPRECATED_OBJC_IMPLEMENTATIONS = YES;
				CLANG_WARN_DIRECT_OBJC_ISA_USAGE = YES_ERROR;
				CLANG_WARN_DOCUMENTATION_COMMENTS = YES;
				CLANG_WARN_EMPTY_BODY = YES;
				CLANG_WARN_ENUM_CONVERSION = YES;
				CLANG_WARN_INFINITE_RECURSION = YES;
				CLANG_WARN_INT_CONVERSION = YES;
				CLANG_WARN_NON_LITERAL_NULL_CONVERSION = YES;
				CLANG_WARN_OBJC_IMPLICIT_RETAIN_SELF = YES;
				CLANG_WARN_OBJC_LITERAL_CONVERSION = YES;
				CLANG_WARN_OBJC_ROOT_CLASS = YES_ERROR;
				CLANG_WARN_QUOTED_INCLUDE_IN_FRAMEWORK_HEADER = YES;
				CLANG_WARN_RANGE_LOOP_ANALYSIS = YES;
				CLANG_WARN_STRICT_PROTOTYPES = YES;
				CLANG_WARN_SUSPICIOUS_MOVE = YES;
				CLANG_WARN_UNGUARDED_AVAILABILITY = YES_AGGRESSIVE;
				CLANG_WARN_UNREACHABLE_CODE = YES;
				CLANG_WARN__DUPLICATE_METHOD_MATCH = YES;
				COPY_PHASE_STRIP = NO;
				DEBUG_INFORMATION_FORMAT = dwarf;
				ENABLE_STRICT_OBJC_MSGSEND = YES;
				ENABLE_TESTABILITY = YES;
				ENABLE_USER_SCRIPT_SANDBOXING = YES;
				GCC_C_LANGUAGE_STANDARD = gnu17;
				GCC_DYNAMIC_NO_PIC = NO;
				GCC_NO_COMMON_BLOCKS = YES;
				GCC_OPTIMIZATION_LEVEL = 0;
				GCC_PREPROCESSOR_DEFINITIONS = (
					"DEBUG=1",
					"$(inherited)",
				);
				GCC_WARN_64_TO_32_BIT_CONVERSION = YES;
				GCC_WARN_ABOUT_RETURN_TYPE = YES_ERROR;
				GCC_WARN_UNDECLARED_SELECTOR = YES;
				GCC_WARN_UNINITIALIZED_AUTOS = YES_AGGRESSIVE;
				GCC_WARN_UNUSED_FUNCTION = YES;
				GCC_WARN_UNUSED_VARIABLE = YES;
				IPHONEOS_DEPLOYMENT_TARGET = 18.5;
				LOCALIZATION_PREFERS_STRING_CATALOGS = YES;
				MTL_ENABLE_DEBUG_INFO = INCLUDE_SOURCE;
				MTL_FAST_MATH = YES;
				ONLY_ACTIVE_ARCH = YES;
				SDKROOT = iphoneos;
				SWIFT_ACTIVE_COMPILATION_CONDITIONS = "DEBUG $(inherited)";
				SWIFT_OPTIMIZATION_LEVEL = "-Onone";
			};
			name = Debug;
		};
		771DA30C2E81776500A1F54C /* Release */ = {
			isa = XCBuildConfiguration;
			buildSettings = {
				ALWAYS_SEARCH_USER_PATHS = NO;
				ASSETCATALOG_COMPILER_GENERATE_SWIFT_ASSET_SYMBOL_EXTENSIONS = YES;
				CLANG_ANALYZER_NONNULL = YES;
				CLANG_ANALYZER_NUMBER_OBJECT_CONVERSION = YES_AGGRESSIVE;
				CLANG_CXX_LANGUAGE_STANDARD = "gnu++20";
				CLANG_ENABLE_MODULES = YES;
				CLANG_ENABLE_OBJC_ARC = YES;
				CLANG_ENABLE_OBJC_WEAK = YES;
				CLANG_WARN_BLOCK_CAPTURE_AUTORELEASING = YES;
				CLANG_WARN_BOOL_CONVERSION = YES;
				CLANG_WARN_COMMA = YES;
				CLANG_WARN_CONSTANT_CONVERSION = YES;
				CLANG_WARN_DEPRECATED_OBJC_IMPLEMENTATIONS = YES;
				CLANG_WARN_DIRECT_OBJC_ISA_USAGE = YES_ERROR;
				CLANG_WARN_DOCUMENTATION_COMMENTS = YES;
				CLANG_WARN_EMPTY_BODY = YES;
				CLANG_WARN_ENUM_CONVERSION = YES;
				CLANG_WARN_INFINITE_RECURSION = YES;
				CLANG_WARN_INT_CONVERSION = YES;
				CLANG_WARN_NON_LITERAL_NULL_CONVERSION = YES;
				CLANG_WARN_OBJC_IMPLICIT_RETAIN_SELF = YES;
				CLANG_WARN_OBJC_LITERAL_CONVERSION = YES;
				CLANG_WARN_OBJC_ROOT_CLASS = YES_ERROR;
				CLANG_WARN_QUOTED_INCLUDE_IN_FRAMEWORK_HEADER = YES;
				CLANG_WARN_RANGE_LOOP_ANALYSIS = YES;
				CLANG_WARN_STRICT_PROTOTYPES = YES;
				CLANG_WARN_SUSPICIOUS_MOVE = YES;
				CLANG_WARN_UNGUARDED_AVAILABILITY = YES_AGGRESSIVE;
				CLANG_WARN_UNREACHABLE_CODE = YES;
				CLANG_WARN__DUPLICATE_METHOD_MATCH = YES;
				COPY_PHASE_STRIP = NO;
				DEBUG_INFORMATION_FORMAT = "dwarf-with-dsym";
				ENABLE_NS_ASSERTIONS = NO;
				ENABLE_STRICT_OBJC_MSGSEND = YES;
				ENABLE_USER_SCRIPT_SANDBOXING = YES;
				GCC_C_LANGUAGE_STANDARD = gnu17;
				GCC_NO_COMMON_BLOCKS = YES;
				GCC_WARN_64_TO_32_BIT_CONVERSION = YES;
				GCC_WARN_ABOUT_RETURN_TYPE = YES_ERROR;
				GCC_WARN_UNDECLARED_SELECTOR = YES;
				GCC_WARN_UNINITIALIZED_AUTOS = YES_AGGRESSIVE;
				GCC_WARN_UNUSED_FUNCTION = YES;
				GCC_WARN_UNUSED_VARIABLE = YES;
				IPHONEOS_DEPLOYMENT_TARGET = 18.5;
				LOCALIZATION_PREFERS_STRING_CATALOGS = YES;
				MTL_ENABLE_DEBUG_INFO = NO;
				MTL_FAST_MATH = YES;
				SDKROOT = iphoneos;
				SWIFT_COMPILATION_MODE = wholemodule;
				VALIDATE_PRODUCT = YES;
			};
			name = Release;
		};
		771DA30E2E81776500A1F54C /* Debug */ = {
			isa = XCBuildConfiguration;
			buildSettings = {
				BUNDLE_LOADER = "$(TEST_HOST)";
				CODE_SIGN_STYLE = Automatic;
				CURRENT_PROJECT_VERSION = 1;
				GENERATE_INFOPLIST_FILE = YES;
				IPHONEOS_DEPLOYMENT_TARGET = 18.5;
				MARKETING_VERSION = 1.0;
				PRODUCT_BUNDLE_IDENTIFIER = com.Ramadhan.DailyAyahTests;
				PRODUCT_NAME = "$(TARGET_NAME)";
				SWIFT_EMIT_LOC_STRINGS = NO;
				SWIFT_VERSION = 5.0;
				TARGETED_DEVICE_FAMILY = "1,2";
				TEST_HOST = "$(BUILT_PRODUCTS_DIR)/DailyAyah.app/$(BUNDLE_EXECUTABLE_FOLDER_PATH)/DailyAyah";
			};
			name = Debug;
		};
		771DA30F2E81776500A1F54C /* Release */ = {
			isa = XCBuildConfiguration;
			buildSettings = {
				BUNDLE_LOADER = "$(TEST_HOST)";
				CODE_SIGN_STYLE = Automatic;
				CURRENT_PROJECT_VERSION = 1;
				GENERATE_INFOPLIST_FILE = YES;
				IPHONEOS_DEPLOYMENT_TARGET = 18.5;
				MARKETING_VERSION = 1.0;
				PRODUCT_BUNDLE_IDENTIFIER = com.Ramadhan.DailyAyahTests;
				PRODUCT_NAME = "$(TARGET_NAME)";
				SWIFT_EMIT_LOC_STRINGS = NO;
				SWIFT_VERSION = 5.0;
				TARGETED_DEVICE_FAMILY = "1,2";
				TEST_HOST = "$(BUILT_PRODUCTS_DIR)/DailyAyah.app/$(BUNDLE_EXECUTABLE_FOLDER_PATH)/DailyAyah";
			};
			name = Release;
		};
		771DA3112E81776500A1F54C /* Debug */ = {
			isa = XCBuildConfiguration;
			buildSettings = {
				CODE_SIGN_STYLE = Automatic;
				CURRENT_PROJECT_VERSION = 1;
				GENERATE_INFOPLIST_FILE = YES;
				MARKETING_VERSION = 1.0;
				PRODUCT_BUNDLE_IDENTIFIER = com.Ramadhan.DailyAyahUITests;
				PRODUCT_NAME = "$(TARGET_NAME)";
				SWIFT_EMIT_LOC_STRINGS = NO;
				SWIFT_VERSION = 5.0;
				TARGETED_DEVICE_FAMILY = "1,2";
				TEST_TARGET_NAME = DailyAyah;
			};
			name = Debug;
		};
		771DA3122E81776500A1F54C /* Release */ = {
			isa = XCBuildConfiguration;
			buildSettings = {
				CODE_SIGN_STYLE = Automatic;
				CURRENT_PROJECT_VERSION = 1;
				GENERATE_INFOPLIST_FILE = YES;
				MARKETING_VERSION = 1.0;
				PRODUCT_BUNDLE_IDENTIFIER = com.Ramadhan.DailyAyahUITests;
				PRODUCT_NAME = "$(TARGET_NAME)";
				SWIFT_EMIT_LOC_STRINGS = NO;
				SWIFT_VERSION = 5.0;
				TARGETED_DEVICE_FAMILY = "1,2";
				TEST_TARGET_NAME = DailyAyah;
			};
			name = Release;
		};
		77E480FA2EC4767D00F7CD78 /* Debug */ = {
			isa = XCBuildConfiguration;
			buildSettings = {
				ASSETCATALOG_COMPILER_GLOBAL_ACCENT_COLOR_NAME = AccentColor;
				ASSETCATALOG_COMPILER_WIDGET_BACKGROUND_COLOR_NAME = WidgetBackground;
				CODE_SIGN_ENTITLEMENTS = DailyAyahWidgetExtension.entitlements;
				CODE_SIGN_STYLE = Automatic;
				CURRENT_PROJECT_VERSION = 1;
				DEVELOPMENT_TEAM = 2F9845V9D9;
				GENERATE_INFOPLIST_FILE = YES;
				INFOPLIST_FILE = DailyAyahWidget/Info.plist;
				INFOPLIST_KEY_CFBundleDisplayName = DailyAyahWidget;
				INFOPLIST_KEY_NSHumanReadableCopyright = "";
				LD_RUNPATH_SEARCH_PATHS = (
					"$(inherited)",
					"@executable_path/Frameworks",
					"@executable_path/../../Frameworks",
				);
				MARKETING_VERSION = 1.0;
				PRODUCT_BUNDLE_IDENTIFIER = com.Ramadhan.DailyAyah.DailyAyahWidget;
				PRODUCT_NAME = "$(TARGET_NAME)";
				SKIP_INSTALL = YES;
				SWIFT_EMIT_LOC_STRINGS = YES;
				SWIFT_VERSION = 5.0;
				TARGETED_DEVICE_FAMILY = "1,2";
			};
			name = Debug;
		};
		77E480FB2EC4767D00F7CD78 /* Release */ = {
			isa = XCBuildConfiguration;
			buildSettings = {
				ASSETCATALOG_COMPILER_GLOBAL_ACCENT_COLOR_NAME = AccentColor;
				ASSETCATALOG_COMPILER_WIDGET_BACKGROUND_COLOR_NAME = WidgetBackground;
				CODE_SIGN_ENTITLEMENTS = DailyAyahWidgetExtension.entitlements;
				CODE_SIGN_STYLE = Automatic;
				CURRENT_PROJECT_VERSION = 1;
				DEVELOPMENT_TEAM = 2F9845V9D9;
				GENERATE_INFOPLIST_FILE = YES;
				INFOPLIST_FILE = DailyAyahWidget/Info.plist;
				INFOPLIST_KEY_CFBundleDisplayName = DailyAyahWidget;
				INFOPLIST_KEY_NSHumanReadableCopyright = "";
				LD_RUNPATH_SEARCH_PATHS = (
					"$(inherited)",
					"@executable_path/Frameworks",
					"@executable_path/../../Frameworks",
				);
				MARKETING_VERSION = 1.0;
				PRODUCT_BUNDLE_IDENTIFIER = com.Ramadhan.DailyAyah.DailyAyahWidget;
				PRODUCT_NAME = "$(TARGET_NAME)";
				SKIP_INSTALL = YES;
				SWIFT_EMIT_LOC_STRINGS = YES;
				SWIFT_VERSION = 5.0;
				TARGETED_DEVICE_FAMILY = "1,2";
			};
			name = Release;
		};
/* End XCBuildConfiguration section */

/* Begin XCConfigurationList section */
		771DA2DA2E81776400A1F54C /* Build configuration list for PBXProject "DailyAyah" */ = {
			isa = XCConfigurationList;
			buildConfigurations = (
				771DA30B2E81776500A1F54C /* Debug */,
				771DA30C2E81776500A1F54C /* Release */,
			);
			defaultConfigurationIsVisible = 0;
			defaultConfigurationName = Release;
		};
		771DA3082E81776500A1F54C /* Build configuration list for PBXNativeTarget "DailyAyah" */ = {
			isa = XCConfigurationList;
			buildConfigurations = (
				771DA3092E81776500A1F54C /* Debug */,
				771DA30A2E81776500A1F54C /* Release */,
			);
			defaultConfigurationIsVisible = 0;
			defaultConfigurationName = Release;
		};
		771DA30D2E81776500A1F54C /* Build configuration list for PBXNativeTarget "DailyAyahTests" */ = {
			isa = XCConfigurationList;
			buildConfigurations = (
				771DA30E2E81776500A1F54C /* Debug */,
				771DA30F2E81776500A1F54C /* Release */,
			);
			defaultConfigurationIsVisible = 0;
			defaultConfigurationName = Release;
		};
		771DA3102E81776500A1F54C /* Build configuration list for PBXNativeTarget "DailyAyahUITests" */ = {
			isa = XCConfigurationList;
			buildConfigurations = (
				771DA3112E81776500A1F54C /* Debug */,
				771DA3122E81776500A1F54C /* Release */,
			);
			defaultConfigurationIsVisible = 0;
			defaultConfigurationName = Release;
		};
		77E480F92EC4767D00F7CD78 /* Build configuration list for PBXNativeTarget "DailyAyahWidgetExtension" */ = {
			isa = XCConfigurationList;
			buildConfigurations = (
				77E480FA2EC4767D00F7CD78 /* Debug */,
				77E480FB2EC4767D00F7CD78 /* Release */,
			);
			defaultConfigurationIsVisible = 0;
			defaultConfigurationName = Release;
		};
/* End XCConfigurationList section */
	};
	rootObject = 771DA2D72E81776400A1F54C /* Project object */;
}
